{
  "name": "@paulmillr/qr",
  "version": "0.3.0",
  "lockfileVersion": 3,
  "requires": true,
  "packages": {
    "": {
      "name": "@paulmillr/qr",
      "version": "0.3.0",
      "license": "(MIT OR Apache-2.0)",
      "devDependencies": {
        "@paulmillr/jsbt": "0.2.1",
        "jpeg-js": "0.4.4",
        "micro-bmark": "0.3.1",
        "micro-should": "0.5.0",
        "omggif": "1.0.10",
        "prettier": "3.3.2",
        "typescript": "5.5.2"
      },
      "funding": {
        "url": "https://paulmillr.com/funding/"
      }
    },
    "node_modules/@paulmillr/jsbt": {
      "version": "0.2.1",
      "resolved": "https://registry.npmjs.org/@paulmillr/jsbt/-/jsbt-0.2.1.tgz",
      "integrity": "sha512-4uC/Fa8L8oYjLNPKBqHKCwLv/47s/Asa4Z/rL584YvViPtlFdxBeCFX6knCZxX5gn6n+2YUdr50Q1sIuUNma5Q==",
      "dev": true,
      "license": "MIT",
      "bin": {
        "jsbt": "jsbt.js"
      }
    },
    "node_modules/jpeg-js": {
      "version": "0.4.4",
      "resolved": "https://registry.npmjs.org/jpeg-js/-/jpeg-js-0.4.4.tgz",
      "integrity": "sha512-WZzeDOEtTOBK4Mdsar0IqEU5sMr3vSV2RqkAIzUEV2BHnUfKGyswWFPFwK5EeDo93K3FohSHbLAjj0s1Wzd+dg==",
      "dev": true
    },
    "node_modules/micro-bmark": {
      "version": "0.3.1",
      "resolved": "https://registry.npmjs.org/micro-bmark/-/micro-bmark-0.3.1.tgz",
      "integrity": "sha512-bNaKObD4yPAAPrpEqp5jO6LJ2sEFgLoFSmRjEY809mJ62+2AehI/K3+RlVpN3Oo92RHpgC2RQhj6b1Tb4dmo+w==",
      "dev": true
    },
    "node_modules/micro-should": {
      "version": "0.5.0",
      "resolved": "https://registry.npmjs.org/micro-should/-/micro-should-0.5.0.tgz",
      "integrity": "sha512-QNXbZnWK+bg42JQJiVRrYnyZ5YDPbzGWdRJnl/6n/5zxpcIyymHBS5WjBIN4UP4Az8qDdaPMdbUGhGNsqWvcHQ==",
      "dev": true,
      "license": "MIT"
    },
    "node_modules/omggif": {
      "version": "1.0.10",
      "resolved": "https://registry.npmjs.org/omggif/-/omggif-1.0.10.tgz",
      "integrity": "sha512-LMJTtvgc/nugXj0Vcrrs68Mn2D1r0zf630VNtqtpI1FEO7e+O9FP4gqs9AcnBaSEeoHIPm28u6qgPR0oyEpGSw==",
      "dev": true
    },
    "node_modules/prettier": {
      "version": "3.3.2",
      "resolved": "https://registry.npmjs.org/prettier/-/prettier-3.3.2.tgz",
      "integrity": "sha512-rAVeHYMcv8ATV5d508CFdn+8/pHPpXeIid1DdrPwXnaAdH7cqjVbpJaT5eq4yRAFU/lsbwYwSF/n5iNrdJHPQA==",
      "dev": true,
      "bin": {
        "prettier": "bin/prettier.cjs"
      },
      "engines": {
        "node": ">=14"
      },
      "funding": {
        "url": "https://github.com/prettier/prettier?sponsor=1"
      }
    },
    "node_modules/typescript": {
      "version": "5.5.2",
      "resolved": "https://registry.npmjs.org/typescript/-/typescript-5.5.2.tgz",
      "integrity": "sha512-NcRtPEOsPFFWjobJEtfihkLCZCXZt/os3zf8nTxjVH3RvTSxjrCamJpbExGvYOF+tFHc3pA65qpdwPbzjohhew==",
      "dev": true,
      "bin": {
        "tsc": "bin/tsc",
        "tsserver": "bin/tsserver"
      },
      "engines": {
        "node": ">=14.17"
      }
    }
  }
}
